// !$*UTF8*$!
{
	archiveVersion = 1;
	classes = {
	};
	objectVersion = 46;
	objects = {

/* Begin PBXBuildFile section */
		D4892BD714EB4849003C1C21 /* RXFuture.m in Sources */ = {isa = PBXBuildFile; fileRef = D4FCDC531482F1C000EB9EF7 /* RXFuture.m */; };
		D4892BD914EB4849003C1C21 /* Cocoa.framework in Frameworks */ = {isa = PBXBuildFile; fileRef = D4FCDC2914819D4100EB9EF7 /* Cocoa.framework */; };
		D4892BDB14EB4849003C1C21 /* RXFuture.h in Headers */ = {isa = PBXBuildFile; fileRef = D4FCDC521482F1C000EB9EF7 /* RXFuture.h */; };
		D4FCDC2A14819D4100EB9EF7 /* Cocoa.framework in Frameworks */ = {isa = PBXBuildFile; fileRef = D4FCDC2914819D4100EB9EF7 /* Cocoa.framework */; };
		D4FCDC3C14819D4100EB9EF7 /* SenTestingKit.framework in Frameworks */ = {isa = PBXBuildFile; fileRef = D4FCDC3B14819D4100EB9EF7 /* SenTestingKit.framework */; };
		D4FCDC3D14819D4100EB9EF7 /* Cocoa.framework in Frameworks */ = {isa = PBXBuildFile; fileRef = D4FCDC2914819D4100EB9EF7 /* Cocoa.framework */; };
		D4FCDC4014819D4100EB9EF7 /* libRXFutures-MRR.a in Frameworks */ = {isa = PBXBuildFile; fileRef = D4FCDC2614819D4100EB9EF7 /* libRXFutures-MRR.a */; };
		D4FCDC4614819D4100EB9EF7 /* InfoPlist.strings in Resources */ = {isa = PBXBuildFile; fileRef = D4FCDC4414819D4100EB9EF7 /* InfoPlist.strings */; };
		D4FCDC541482F1C000EB9EF7 /* RXFuture.h in Headers */ = {isa = PBXBuildFile; fileRef = D4FCDC521482F1C000EB9EF7 /* RXFuture.h */; };
		D4FCDC551482F1C000EB9EF7 /* RXFuture.m in Sources */ = {isa = PBXBuildFile; fileRef = D4FCDC531482F1C000EB9EF7 /* RXFuture.m */; };
		D4FCDC581482F21500EB9EF7 /* RXFutureTests.m in Sources */ = {isa = PBXBuildFile; fileRef = D4FCDC571482F21500EB9EF7 /* RXFutureTests.m */; };
		D4FCDCC4148327B500EB9EF7 /* RXAssertions.m in Sources */ = {isa = PBXBuildFile; fileRef = D4FCDC9D148327B400EB9EF7 /* RXAssertions.m */; };
		D4FCDCCD148327B500EB9EF7 /* RXSynchronously.m in Sources */ = {isa = PBXBuildFile; fileRef = D4FCDCAF148327B400EB9EF7 /* RXSynchronously.m */; };
/* End PBXBuildFile section */

/* Begin PBXContainerItemProxy section */
		D4FCDC3E14819D4100EB9EF7 /* PBXContainerItemProxy */ = {
			isa = PBXContainerItemProxy;
			containerPortal = D4FCDC1D14819D4100EB9EF7 /* Project object */;
			proxyType = 1;
			remoteGlobalIDString = D4FCDC2514819D4100EB9EF7;
			remoteInfo = RXFutures;
		};
/* End PBXContainerItemProxy section */

/* Begin PBXFileReference section */
		D4892BDF14EB4849003C1C21 /* libRXFutures copy.a */ = {isa = PBXFileReference; explicitFileType = archive.ar; includeInIndex = 0; path = "libRXFutures copy.a"; sourceTree = BUILT_PRODUCTS_DIR; };
		D4FCDC2614819D4100EB9EF7 /* libRXFutures-MRR.a */ = {isa = PBXFileReference; explicitFileType = archive.ar; includeInIndex = 0; path = "libRXFutures-MRR.a"; sourceTree = BUILT_PRODUCTS_DIR; };
		D4FCDC2914819D4100EB9EF7 /* Cocoa.framework */ = {isa = PBXFileReference; lastKnownFileType = wrapper.framework; name = Cocoa.framework; path = System/Library/Frameworks/Cocoa.framework; sourceTree = SDKROOT; };
		D4FCDC2C14819D4100EB9EF7 /* AppKit.framework */ = {isa = PBXFileReference; lastKnownFileType = wrapper.framework; name = AppKit.framework; path = System/Library/Frameworks/AppKit.framework; sourceTree = SDKROOT; };
		D4FCDC2D14819D4100EB9EF7 /* CoreData.framework */ = {isa = PBXFileReference; lastKnownFileType = wrapper.framework; name = CoreData.framework; path = System/Library/Frameworks/CoreData.framework; sourceTree = SDKROOT; };
		D4FCDC2E14819D4100EB9EF7 /* Foundation.framework */ = {isa = PBXFileReference; lastKnownFileType = wrapper.framework; name = Foundation.framework; path = System/Library/Frameworks/Foundation.framework; sourceTree = SDKROOT; };
		D4FCDC3114819D4100EB9EF7 /* RXFutures-Prefix.pch */ = {isa = PBXFileReference; lastKnownFileType = sourcecode.c.h; path = "RXFutures-Prefix.pch"; sourceTree = "<group>"; };
		D4FCDC3A14819D4100EB9EF7 /* RXFuturesTests.octest */ = {isa = PBXFileReference; explicitFileType = wrapper.cfbundle; includeInIndex = 0; path = RXFuturesTests.octest; sourceTree = BUILT_PRODUCTS_DIR; };
		D4FCDC3B14819D4100EB9EF7 /* SenTestingKit.framework */ = {isa = PBXFileReference; lastKnownFileType = wrapper.framework; name = SenTestingKit.framework; path = Library/Frameworks/SenTestingKit.framework; sourceTree = DEVELOPER_DIR; };
		D4FCDC4314819D4100EB9EF7 /* RXFuturesTests-Info.plist */ = {isa = PBXFileReference; lastKnownFileType = text.plist.xml; path = "RXFuturesTests-Info.plist"; sourceTree = "<group>"; };
		D4FCDC4514819D4100EB9EF7 /* en */ = {isa = PBXFileReference; lastKnownFileType = text.plist.strings; name = en; path = en.lproj/InfoPlist.strings; sourceTree = "<group>"; };
		D4FCDC521482F1C000EB9EF7 /* RXFuture.h */ = {isa = PBXFileReference; fileEncoding = 4; lastKnownFileType = sourcecode.c.h; path = RXFuture.h; sourceTree = "<group>"; };
		D4FCDC531482F1C000EB9EF7 /* RXFuture.m */ = {isa = PBXFileReference; fileEncoding = 4; lastKnownFileType = sourcecode.c.objc; path = RXFuture.m; sourceTree = "<group>"; };
		D4FCDC571482F21500EB9EF7 /* RXFutureTests.m */ = {isa = PBXFileReference; fileEncoding = 4; lastKnownFileType = sourcecode.c.objc; path = RXFutureTests.m; sourceTree = "<group>"; };
		D4FCDC9C148327B400EB9EF7 /* RXAssertions.h */ = {isa = PBXFileReference; fileEncoding = 4; lastKnownFileType = sourcecode.c.h; path = RXAssertions.h; sourceTree = "<group>"; };
		D4FCDC9D148327B400EB9EF7 /* RXAssertions.m */ = {isa = PBXFileReference; fileEncoding = 4; lastKnownFileType = sourcecode.c.objc; path = RXAssertions.m; sourceTree = "<group>"; };
		D4FCDCAE148327B400EB9EF7 /* RXSynchronously.h */ = {isa = PBXFileReference; fileEncoding = 4; lastKnownFileType = sourcecode.c.h; path = RXSynchronously.h; sourceTree = "<group>"; };
		D4FCDCAF148327B400EB9EF7 /* RXSynchronously.m */ = {isa = PBXFileReference; fileEncoding = 4; lastKnownFileType = sourcecode.c.objc; path = RXSynchronously.m; sourceTree = "<group>"; };
/* End PBXFileReference section */

/* Begin PBXFrameworksBuildPhase section */
		D4892BD814EB4849003C1C21 /* Frameworks */ = {
			isa = PBXFrameworksBuildPhase;
			buildActionMask = 2147483647;
			files = (
				D4892BD914EB4849003C1C21 /* Cocoa.framework in Frameworks */,
			);
			runOnlyForDeploymentPostprocessing = 0;
		};
		D4FCDC2314819D4100EB9EF7 /* Frameworks */ = {
			isa = PBXFrameworksBuildPhase;
			buildActionMask = 2147483647;
			files = (
				D4FCDC2A14819D4100EB9EF7 /* Cocoa.framework in Frameworks */,
			);
			runOnlyForDeploymentPostprocessing = 0;
		};
		D4FCDC3614819D4100EB9EF7 /* Frameworks */ = {
			isa = PBXFrameworksBuildPhase;
			buildActionMask = 2147483647;
			files = (
				D4FCDC3C14819D4100EB9EF7 /* SenTestingKit.framework in Frameworks */,
				D4FCDC3D14819D4100EB9EF7 /* Cocoa.framework in Frameworks */,
				D4FCDC4014819D4100EB9EF7 /* libRXFutures-MRR.a in Frameworks */,
			);
			runOnlyForDeploymentPostprocessing = 0;
		};
/* End PBXFrameworksBuildPhase section */

/* Begin PBXGroup section */
		D4FCDC1B14819D4100EB9EF7 = {
			isa = PBXGroup;
			children = (
				D4FCDC96148327B400EB9EF7 /* External */,
				D4FCDC2F14819D4100EB9EF7 /* RXFutures */,
				D4FCDC4114819D4100EB9EF7 /* RXFuturesTests */,
				D4FCDC2814819D4100EB9EF7 /* Frameworks */,
				D4FCDC2714819D4100EB9EF7 /* Products */,
			);
			sourceTree = "<group>";
		};
		D4FCDC2714819D4100EB9EF7 /* Products */ = {
			isa = PBXGroup;
			children = (
				D4FCDC2614819D4100EB9EF7 /* libRXFutures-MRR.a */,
				D4FCDC3A14819D4100EB9EF7 /* RXFuturesTests.octest */,
				D4892BDF14EB4849003C1C21 /* libRXFutures copy.a */,
			);
			name = Products;
			sourceTree = "<group>";
		};
		D4FCDC2814819D4100EB9EF7 /* Frameworks */ = {
			isa = PBXGroup;
			children = (
				D4FCDC2914819D4100EB9EF7 /* Cocoa.framework */,
				D4FCDC3B14819D4100EB9EF7 /* SenTestingKit.framework */,
				D4FCDC2B14819D4100EB9EF7 /* Other Frameworks */,
			);
			name = Frameworks;
			sourceTree = "<group>";
		};
		D4FCDC2B14819D4100EB9EF7 /* Other Frameworks */ = {
			isa = PBXGroup;
			children = (
				D4FCDC2C14819D4100EB9EF7 /* AppKit.framework */,
				D4FCDC2D14819D4100EB9EF7 /* CoreData.framework */,
				D4FCDC2E14819D4100EB9EF7 /* Foundation.framework */,
			);
			name = "Other Frameworks";
			sourceTree = "<group>";
		};
		D4FCDC2F14819D4100EB9EF7 /* RXFutures */ = {
			isa = PBXGroup;
			children = (
				D4FCDC521482F1C000EB9EF7 /* RXFuture.h */,
				D4FCDC531482F1C000EB9EF7 /* RXFuture.m */,
				D4FCDC3014819D4100EB9EF7 /* Supporting Files */,
			);
			path = RXFutures;
			sourceTree = "<group>";
		};
		D4FCDC3014819D4100EB9EF7 /* Supporting Files */ = {
			isa = PBXGroup;
			children = (
				D4FCDC3114819D4100EB9EF7 /* RXFutures-Prefix.pch */,
			);
			name = "Supporting Files";
			sourceTree = "<group>";
		};
		D4FCDC4114819D4100EB9EF7 /* RXFuturesTests */ = {
			isa = PBXGroup;
			children = (
				D4FCDC571482F21500EB9EF7 /* RXFutureTests.m */,
				D4FCDC4214819D4100EB9EF7 /* Supporting Files */,
			);
			path = RXFuturesTests;
			sourceTree = "<group>";
		};
		D4FCDC4214819D4100EB9EF7 /* Supporting Files */ = {
			isa = PBXGroup;
			children = (
				D4FCDC4314819D4100EB9EF7 /* RXFuturesTests-Info.plist */,
				D4FCDC4414819D4100EB9EF7 /* InfoPlist.strings */,
			);
			name = "Supporting Files";
			sourceTree = "<group>";
		};
		D4FCDC96148327B400EB9EF7 /* External */ = {
			isa = PBXGroup;
			children = (
				D4FCDC97148327B400EB9EF7 /* RXAssertions */,
				D4FCDCA8148327B400EB9EF7 /* RXSynchronously */,
			);
			path = External;
			sourceTree = "<group>";
		};
		D4FCDC97148327B400EB9EF7 /* RXAssertions */ = {
			isa = PBXGroup;
			children = (
				D4FCDC9C148327B400EB9EF7 /* RXAssertions.h */,
				D4FCDC9D148327B400EB9EF7 /* RXAssertions.m */,
			);
			path = RXAssertions;
			sourceTree = "<group>";
		};
		D4FCDCA8148327B400EB9EF7 /* RXSynchronously */ = {
			isa = PBXGroup;
			children = (
				D4FCDCAC148327B400EB9EF7 /* RXSynchronously */,
			);
			path = RXSynchronously;
			sourceTree = "<group>";
		};
		D4FCDCAC148327B400EB9EF7 /* RXSynchronously */ = {
			isa = PBXGroup;
			children = (
				D4FCDCAE148327B400EB9EF7 /* RXSynchronously.h */,
				D4FCDCAF148327B400EB9EF7 /* RXSynchronously.m */,
			);
			path = RXSynchronously;
			sourceTree = "<group>";
		};
/* End PBXGroup section */

/* Begin PBXHeadersBuildPhase section */
		D4892BDA14EB4849003C1C21 /* Headers */ = {
			isa = PBXHeadersBuildPhase;
			buildActionMask = 2147483647;
			files = (
				D4892BDB14EB4849003C1C21 /* RXFuture.h in Headers */,
			);
			runOnlyForDeploymentPostprocessing = 0;
		};
		D4FCDC2414819D4100EB9EF7 /* Headers */ = {
			isa = PBXHeadersBuildPhase;
			buildActionMask = 2147483647;
			files = (
				D4FCDC541482F1C000EB9EF7 /* RXFuture.h in Headers */,
			);
			runOnlyForDeploymentPostprocessing = 0;
		};
/* End PBXHeadersBuildPhase section */

/* Begin PBXNativeTarget section */
		D4892BD514EB4849003C1C21 /* RXFutures-ARC */ = {
			isa = PBXNativeTarget;
			buildConfigurationList = D4892BDC14EB4849003C1C21 /* Build configuration list for PBXNativeTarget "RXFutures-ARC" */;
			buildPhases = (
				D4892BD614EB4849003C1C21 /* Sources */,
				D4892BD814EB4849003C1C21 /* Frameworks */,
				D4892BDA14EB4849003C1C21 /* Headers */,
			);
			buildRules = (
			);
			dependencies = (
			);
			name = "RXFutures-ARC";
			productName = RXFutures;
			productReference = D4892BDF14EB4849003C1C21 /* libRXFutures copy.a */;
			productType = "com.apple.product-type.library.static";
		};
		D4FCDC2514819D4100EB9EF7 /* RXFutures-MRR */ = {
			isa = PBXNativeTarget;
			buildConfigurationList = D4FCDC4C14819D4100EB9EF7 /* Build configuration list for PBXNativeTarget "RXFutures-MRR" */;
			buildPhases = (
				D4FCDC2214819D4100EB9EF7 /* Sources */,
				D4FCDC2314819D4100EB9EF7 /* Frameworks */,
				D4FCDC2414819D4100EB9EF7 /* Headers */,
			);
			buildRules = (
			);
			dependencies = (
			);
			name = "RXFutures-MRR";
			productName = RXFutures;
			productReference = D4FCDC2614819D4100EB9EF7 /* libRXFutures-MRR.a */;
			productType = "com.apple.product-type.library.static";
		};
		D4FCDC3914819D4100EB9EF7 /* RXFuturesTests */ = {
			isa = PBXNativeTarget;
			buildConfigurationList = D4FCDC4F14819D4100EB9EF7 /* Build configuration list for PBXNativeTarget "RXFuturesTests" */;
			buildPhases = (
				D4FCDC3514819D4100EB9EF7 /* Sources */,
				D4FCDC3614819D4100EB9EF7 /* Frameworks */,
				D4FCDC3714819D4100EB9EF7 /* Resources */,
				D4FCDC3814819D4100EB9EF7 /* ShellScript */,
			);
			buildRules = (
			);
			dependencies = (
				D4FCDC3F14819D4100EB9EF7 /* PBXTargetDependency */,
			);
			name = RXFuturesTests;
			productName = RXFuturesTests;
			productReference = D4FCDC3A14819D4100EB9EF7 /* RXFuturesTests.octest */;
			productType = "com.apple.product-type.bundle";
		};
/* End PBXNativeTarget section */

/* Begin PBXProject section */
		D4FCDC1D14819D4100EB9EF7 /* Project object */ = {
			isa = PBXProject;
			attributes = {
				LastUpgradeCheck = 0420;
				ORGANIZATIONNAME = "Monochrome Industries";
			};
			buildConfigurationList = D4FCDC2014819D4100EB9EF7 /* Build configuration list for PBXProject "RXFutures" */;
			compatibilityVersion = "Xcode 3.2";
			developmentRegion = English;
			hasScannedForEncodings = 0;
			knownRegions = (
				en,
			);
			mainGroup = D4FCDC1B14819D4100EB9EF7;
			productRefGroup = D4FCDC2714819D4100EB9EF7 /* Products */;
			projectDirPath = "";
			projectRoot = "";
			targets = (
				D4FCDC2514819D4100EB9EF7 /* RXFutures-MRR */,
				D4892BD514EB4849003C1C21 /* RXFutures-ARC */,
				D4FCDC3914819D4100EB9EF7 /* RXFuturesTests */,
			);
		};
/* End PBXProject section */

/* Begin PBXResourcesBuildPhase section */
		D4FCDC3714819D4100EB9EF7 /* Resources */ = {
			isa = PBXResourcesBuildPhase;
			buildActionMask = 2147483647;
			files = (
				D4FCDC4614819D4100EB9EF7 /* InfoPlist.strings in Resources */,
			);
			runOnlyForDeploymentPostprocessing = 0;
		};
/* End PBXResourcesBuildPhase section */

/* Begin PBXShellScriptBuildPhase section */
		D4FCDC3814819D4100EB9EF7 /* ShellScript */ = {
			isa = PBXShellScriptBuildPhase;
			buildActionMask = 2147483647;
			files = (
			);
			inputPaths = (
			);
			outputPaths = (
			);
			runOnlyForDeploymentPostprocessing = 0;
			shellPath = /bin/sh;
			shellScript = "# Run the unit tests in this test bundle.\n\"${SYSTEM_DEVELOPER_DIR}/Tools/RunUnitTests\"\n";
		};
/* End PBXShellScriptBuildPhase section */

/* Begin PBXSourcesBuildPhase section */
		D4892BD614EB4849003C1C21 /* Sources */ = {
			isa = PBXSourcesBuildPhase;
			buildActionMask = 2147483647;
			files = (
				D4892BD714EB4849003C1C21 /* RXFuture.m in Sources */,
			);
			runOnlyForDeploymentPostprocessing = 0;
		};
		D4FCDC2214819D4100EB9EF7 /* Sources */ = {
			isa = PBXSourcesBuildPhase;
			buildActionMask = 2147483647;
			files = (
				D4FCDC551482F1C000EB9EF7 /* RXFuture.m in Sources */,
			);
			runOnlyForDeploymentPostprocessing = 0;
		};
		D4FCDC3514819D4100EB9EF7 /* Sources */ = {
			isa = PBXSourcesBuildPhase;
			buildActionMask = 2147483647;
			files = (
				D4FCDC581482F21500EB9EF7 /* RXFutureTests.m in Sources */,
				D4FCDCC4148327B500EB9EF7 /* RXAssertions.m in Sources */,
				D4FCDCCD148327B500EB9EF7 /* RXSynchronously.m in Sources */,
			);
			runOnlyForDeploymentPostprocessing = 0;
		};
/* End PBXSourcesBuildPhase section */

/* Begin PBXTargetDependency section */
		D4FCDC3F14819D4100EB9EF7 /* PBXTargetDependency */ = {
			isa = PBXTargetDependency;
			target = D4FCDC2514819D4100EB9EF7 /* RXFutures-MRR */;
			targetProxy = D4FCDC3E14819D4100EB9EF7 /* PBXContainerItemProxy */;
		};
/* End PBXTargetDependency section */

/* Begin PBXVariantGroup section */
		D4FCDC4414819D4100EB9EF7 /* InfoPlist.strings */ = {
			isa = PBXVariantGroup;
			children = (
				D4FCDC4514819D4100EB9EF7 /* en */,
			);
			name = InfoPlist.strings;
			sourceTree = "<group>";
		};
/* End PBXVariantGroup section */

/* Begin XCBuildConfiguration section */
		D4892BDD14EB4849003C1C21 /* Debug */ = {
			isa = XCBuildConfiguration;
			buildSettings = {
				ARCHS = "$(ARCHS_STANDARD_64_BIT)";
				CLANG_WARN_OBJCPP_ARC_ABI = YES;
				GCC_PRECOMPILE_PREFIX_HEADER = YES;
				GCC_PREFIX_HEADER = "RXFutures/RXFutures-Prefix.pch";
				OTHER_LDFLAGS = "-ObjC";
				PRODUCT_NAME = "RXFutures copy";
				VALID_ARCHS = x86_64;
			};
			name = Debug;
		};
		D4892BDE14EB4849003C1C21 /* Release */ = {
			isa = XCBuildConfiguration;
			buildSettings = {
				ARCHS = "$(ARCHS_STANDARD_64_BIT)";
				CLANG_WARN_OBJCPP_ARC_ABI = YES;
				GCC_PRECOMPILE_PREFIX_HEADER = YES;
				GCC_PREFIX_HEADER = "RXFutures/RXFutures-Prefix.pch";
				OTHER_LDFLAGS = "-ObjC";
				PRODUCT_NAME = "RXFutures copy";
				VALID_ARCHS = x86_64;
			};
			name = Release;
		};
		D4FCDC4A14819D4100EB9EF7 /* Debug */ = {
			isa = XCBuildConfiguration;
			buildSettings = {
				ALWAYS_SEARCH_USER_PATHS = NO;
				ARCHS = "$(ARCHS_STANDARD_32_BIT)";
				COPY_PHASE_STRIP = NO;
				GCC_C_LANGUAGE_STANDARD = gnu99;
				GCC_DYNAMIC_NO_PIC = NO;
				GCC_ENABLE_OBJC_EXCEPTIONS = YES;
				GCC_OPTIMIZATION_LEVEL = 0;
				GCC_PREPROCESSOR_DEFINITIONS = (
					"DEBUG=1",
					"$(inherited)",
				);
				GCC_SYMBOLS_PRIVATE_EXTERN = NO;
				GCC_VERSION = com.apple.compilers.llvm.clang.1_0;
				GCC_WARN_64_TO_32_BIT_CONVERSION = YES;
				GCC_WARN_ABOUT_MISSING_PROTOTYPES = YES;
				GCC_WARN_ABOUT_RETURN_TYPE = YES;
				GCC_WARN_UNUSED_VARIABLE = YES;
				MACOSX_DEPLOYMENT_TARGET = 10.6;
				ONLY_ACTIVE_ARCH = YES;
				SDKROOT = macosx10.6;
				VALID_ARCHS = i386;
			};
			name = Debug;
		};
		D4FCDC4B14819D4100EB9EF7 /* Release */ = {
			isa = XCBuildConfiguration;
			buildSettings = {
				ALWAYS_SEARCH_USER_PATHS = NO;
				ARCHS = "$(ARCHS_STANDARD_32_BIT)";
				COPY_PHASE_STRIP = YES;
				DEBUG_INFORMATION_FORMAT = "dwarf-with-dsym";
				GCC_C_LANGUAGE_STANDARD = gnu99;
				GCC_ENABLE_OBJC_EXCEPTIONS = YES;
				GCC_VERSION = com.apple.compilers.llvm.clang.1_0;
				GCC_WARN_64_TO_32_BIT_CONVERSION = YES;
				GCC_WARN_ABOUT_MISSING_PROTOTYPES = YES;
				GCC_WARN_ABOUT_RETURN_TYPE = YES;
				GCC_WARN_UNUSED_VARIABLE = YES;
				MACOSX_DEPLOYMENT_TARGET = 10.6;
				SDKROOT = macosx10.6;
				VALID_ARCHS = i386;
			};
			name = Release;
		};
		D4FCDC4D14819D4100EB9EF7 /* Debug */ = {
			isa = XCBuildConfiguration;
			buildSettings = {
				GCC_PRECOMPILE_PREFIX_HEADER = YES;
				GCC_PREFIX_HEADER = "RXFutures/RXFutures-Prefix.pch";
				OTHER_LDFLAGS = "-ObjC";
				PRODUCT_NAME = "$(TARGET_NAME)";
			};
			name = Debug;
		};
		D4FCDC4E14819D4100EB9EF7 /* Release */ = {
			isa = XCBuildConfiguration;
			buildSettings = {
				GCC_PRECOMPILE_PREFIX_HEADER = YES;
				GCC_PREFIX_HEADER = "RXFutures/RXFutures-Prefix.pch";
				OTHER_LDFLAGS = "-ObjC";
				PRODUCT_NAME = "$(TARGET_NAME)";
			};
			name = Release;
		};
		D4FCDC5014819D4100EB9EF7 /* Debug */ = {
			isa = XCBuildConfiguration;
			buildSettings = {
				FRAMEWORK_SEARCH_PATHS = "$(DEVELOPER_LIBRARY_DIR)/Frameworks";
				GCC_PRECOMPILE_PREFIX_HEADER = YES;
				GCC_PREFIX_HEADER = "RXFutures/RXFutures-Prefix.pch";
				INFOPLIST_FILE = "RXFuturesTests/RXFuturesTests-Info.plist";
				PRODUCT_NAME = "$(TARGET_NAME)";
				WRAPPER_EXTENSION = octest;
			};
			name = Debug;
		};
		D4FCDC5114819D4100EB9EF7 /* Release */ = {
			isa = XCBuildConfiguration;
			buildSettings = {
				FRAMEWORK_SEARCH_PATHS = "$(DEVELOPER_LIBRARY_DIR)/Frameworks";
				GCC_PRECOMPILE_PREFIX_HEADER = YES;
				GCC_PREFIX_HEADER = "RXFutures/RXFutures-Prefix.pch";
				INFOPLIST_FILE = "RXFuturesTests/RXFuturesTests-Info.plist";
				PRODUCT_NAME = "$(TARGET_NAME)";
				WRAPPER_EXTENSION = octest;
			};
			name = Release;
		};
/* End XCBuildConfiguration section */

/* Begin XCConfigurationList section */
		D4892BDC14EB4849003C1C21 /* Build configuration list for PBXNativeTarget "RXFutures-ARC" */ = {
			isa = XCConfigurationList;
			buildConfigurations = (
				D4892BDD14EB4849003C1C21 /* Debug */,
				D4892BDE14EB4849003C1C21 /* Release */,
			);
			defaultConfigurationIsVisible = 0;
			defaultConfigurationName = Release;
		};
		D4FCDC2014819D4100EB9EF7 /* Build configuration list for PBXProject "RXFutures" */ = {
			isa = XCConfigurationList;
			buildConfigurations = (
				D4FCDC4A14819D4100EB9EF7 /* Debug */,
				D4FCDC4B14819D4100EB9EF7 /* Release */,
			);
			defaultConfigurationIsVisible = 0;
			defaultConfigurationName = Release;
		};
		D4FCDC4C14819D4100EB9EF7 /* Build configuration list for PBXNativeTarget "RXFutures-MRR" */ = {
			isa = XCConfigurationList;
			buildConfigurations = (
				D4FCDC4D14819D4100EB9EF7 /* Debug */,
				D4FCDC4E14819D4100EB9EF7 /* Release */,
			);
			defaultConfigurationIsVisible = 0;
			defaultConfigurationName = Release;
		};
		D4FCDC4F14819D4100EB9EF7 /* Build configuration list for PBXNativeTarget "RXFuturesTests" */ = {
			isa = XCConfigurationList;
			buildConfigurations = (
				D4FCDC5014819D4100EB9EF7 /* Debug */,
				D4FCDC5114819D4100EB9EF7 /* Release */,
			);
			defaultConfigurationIsVisible = 0;
			defaultConfigurationName = Release;
		};
/* End XCConfigurationList section */
	};
	rootObject = D4FCDC1D14819D4100EB9EF7 /* Project object */;
}
